
Microsoft Visual Studio Solution File, Format Version 12.00
# Visual Studio Version 17
VisualStudioVersion = 17.3.32929.385
MinimumVisualStudioVersion = 10.0.40219.1
Project("{FAE04EC0-301F-11D3-BF4B-00C04F79EFBC}") = "irt-bookings", "irt-bookings\irt-bookings.csproj", "{ACB99F90-F027-48E4-ADAF-00576B7E14CB}"
EndProject
Global
	GlobalSection(SolutionConfigurationPlatforms) = preSolution
		Debug|Any CPU = Debug|Any CPU
		Release|Any CPU = Release|Any CPU
	EndGlobalSection
	GlobalSection(ProjectConfigurationPlatforms) = postSolution
		{ACB99F90-F027-48E4-ADAF-00576B7E14CB}.Debug|Any CPU.ActiveCfg = Debug|Any CPU
		{ACB99F90-F027-48E4-ADAF-00576B7E14CB}.Debug|Any CPU.Build.0 = Debug|Any CPU
		{ACB99F90-F027-48E4-ADAF-00576B7E14CB}.Release|Any CPU.ActiveCfg = Release|Any CPU
		{ACB99F90-F027-48E4-ADAF-00576B7E14CB}.Release|Any CPU.Build.0 = Release|Any CPU
	EndGlobalSection
	GlobalSection(SolutionProperties) = preSolution
		HideSolutionNode = FALSE
	EndGlobalSection
	GlobalSection(ExtensibilityGlobals) = postSolution
		SolutionGuid = {C53463B7-1737-4D6B-ABB4-5C5005F3129D}
	EndGlobalSection
EndGlobal
